
Microsoft Visual Studio Solution File, Format Version 12.00
# Visual Studio Version 17
VisualStudioVersion = 17.4.33122.133
MinimumVisualStudioVersion = 10.0.40219.1
Project("{FAE04EC0-301F-11D3-BF4B-00C04F79EFBC}") = "COMP367Quiz4", "COMP367Quiz4\COMP367Quiz4.csproj", "{8E9F7352-0613-4727-84EF-3552C22EB0C1}"
EndProject
Global
	GlobalSection(SolutionConfigurationPlatforms) = preSolution
		Debug|Any CPU = Debug|Any CPU
		Release|Any CPU = Release|Any CPU
	EndGlobalSection
	GlobalSection(ProjectConfigurationPlatforms) = postSolution
		{8E9F7352-0613-4727-84EF-3552C22EB0C1}.Debug|Any CPU.ActiveCfg = Debug|Any CPU
		{8E9F7352-0613-4727-84EF-3552C22EB0C1}.Debug|Any CPU.Build.0 = Debug|Any CPU
		{8E9F7352-0613-4727-84EF-3552C22EB0C1}.Release|Any CPU.ActiveCfg = Release|Any CPU
		{8E9F7352-0613-4727-84EF-3552C22EB0C1}.Release|Any CPU.Build.0 = Release|Any CPU
	EndGlobalSection
	GlobalSection(SolutionProperties) = preSolution
		HideSolutionNode = FALSE
	EndGlobalSection
	GlobalSection(ExtensibilityGlobals) = postSolution
		SolutionGuid = {EFF4EB20-26D1-4B7C-AC58-065A645130BB}
	EndGlobalSection
EndGlobal
